
Microsoft Visual Studio Solution File, Format Version 12.00
# Visual Studio 15
VisualStudioVersion = 15.0.27428.2002
MinimumVisualStudioVersion = 10.0.40219.1
Project("{FAE04EC0-301F-11D3-BF4B-00C04F79EFBC}") = "GitDemo", "GitDemo\GitDemo.csproj", "{89D6DB09-F4DE-441F-9132-44F3C56DD4F2}"
EndProject
Project("{FAE04EC0-301F-11D3-BF4B-00C04F79EFBC}") = "GitDemoTests", "GitDemo.Tests\GitDemoTests.csproj", "{B663C93A-8FA5-4769-933C-3A32330F4FC4}"
EndProject
Global
	GlobalSection(SolutionConfigurationPlatforms) = preSolution
		Debug|Any CPU = Debug|Any CPU
		Release|Any CPU = Release|Any CPU
	EndGlobalSection
	GlobalSection(ProjectConfigurationPlatforms) = postSolution
		{89D6DB09-F4DE-441F-9132-44F3C56DD4F2}.Debug|Any CPU.ActiveCfg = Debug|Any CPU
		{89D6DB09-F4DE-441F-9132-44F3C56DD4F2}.Debug|Any CPU.Build.0 = Debug|Any CPU
		{89D6DB09-F4DE-441F-9132-44F3C56DD4F2}.Release|Any CPU.ActiveCfg = Release|Any CPU
		{89D6DB09-F4DE-441F-9132-44F3C56DD4F2}.Release|Any CPU.Build.0 = Release|Any CPU
		{B663C93A-8FA5-4769-933C-3A32330F4FC4}.Debug|Any CPU.ActiveCfg = Debug|Any CPU
		{B663C93A-8FA5-4769-933C-3A32330F4FC4}.Debug|Any CPU.Build.0 = Debug|Any CPU
		{B663C93A-8FA5-4769-933C-3A32330F4FC4}.Release|Any CPU.ActiveCfg = Release|Any CPU
		{B663C93A-8FA5-4769-933C-3A32330F4FC4}.Release|Any CPU.Build.0 = Release|Any CPU
	EndGlobalSection
	GlobalSection(SolutionProperties) = preSolution
		HideSolutionNode = FALSE
	EndGlobalSection
	GlobalSection(ExtensibilityGlobals) = postSolution
		SolutionGuid = {8895B943-CFCC-4904-87AB-75BDAE34EB6F}
	EndGlobalSection
EndGlobal
